// !$*UTF8*$!
{
	archiveVersion = 1;
	classes = {
	};
	objectVersion = 55;
	objects = {

/* Begin PBXBuildFile section */
		D505C30727E9C00200D20EED /* AppDelegate.swift in Sources */ = {isa = PBXBuildFile; fileRef = D505C30627E9C00200D20EED /* AppDelegate.swift */; };
		D505C30927E9C00200D20EED /* SceneDelegate.swift in Sources */ = {isa = PBXBuildFile; fileRef = D505C30827E9C00200D20EED /* SceneDelegate.swift */; };
		D505C30B27E9C00200D20EED /* ViewController.swift in Sources */ = {isa = PBXBuildFile; fileRef = D505C30A27E9C00200D20EED /* ViewController.swift */; };
		D505C30E27E9C00200D20EED /* Main.storyboard in Resources */ = {isa = PBXBuildFile; fileRef = D505C30C27E9C00200D20EED /* Main.storyboard */; };
		D505C31027E9C00400D20EED /* Assets.xcassets in Resources */ = {isa = PBXBuildFile; fileRef = D505C30F27E9C00400D20EED /* Assets.xcassets */; };
		D505C31327E9C00400D20EED /* LaunchScreen.storyboard in Resources */ = {isa = PBXBuildFile; fileRef = D505C31127E9C00400D20EED /* LaunchScreen.storyboard */; };
		D505C31E27E9C00500D20EED /* app5_getURL_storyboardTests.swift in Sources */ = {isa = PBXBuildFile; fileRef = D505C31D27E9C00500D20EED /* app5_getURL_storyboardTests.swift */; };
		D505C32827E9C00500D20EED /* app5_getURL_storyboardUITests.swift in Sources */ = {isa = PBXBuildFile; fileRef = D505C32727E9C00500D20EED /* app5_getURL_storyboardUITests.swift */; };
		D505C32A27E9C00500D20EED /* app5_getURL_storyboardUITestsLaunchTests.swift in Sources */ = {isa = PBXBuildFile; fileRef = D505C32927E9C00500D20EED /* app5_getURL_storyboardUITestsLaunchTests.swift */; };
/* End PBXBuildFile section */

/* Begin PBXContainerItemProxy section */
		D505C31A27E9C00400D20EED /* PBXContainerItemProxy */ = {
			isa = PBXContainerItemProxy;
			containerPortal = D505C2FB27E9C00200D20EED /* Project object */;
			proxyType = 1;
			remoteGlobalIDString = D505C30227E9C00200D20EED;
			remoteInfo = app5_getURL_storyboard;
		};
		D505C32427E9C00500D20EED /* PBXContainerItemProxy */ = {
			isa = PBXContainerItemProxy;
			containerPortal = D505C2FB27E9C00200D20EED /* Project object */;
			proxyType = 1;
			remoteGlobalIDString = D505C30227E9C00200D20EED;
			remoteInfo = app5_getURL_storyboard;
		};
/* End PBXContainerItemProxy section */

/* Begin PBXFileReference section */
		D505C30327E9C00200D20EED /* app5_getURL_storyboard.app */ = {isa = PBXFileReference; explicitFileType = wrapper.application; includeInIndex = 0; path = app5_getURL_storyboard.app; sourceTree = BUILT_PRODUCTS_DIR; };
		D505C30627E9C00200D20EED /* AppDelegate.swift */ = {isa = PBXFileReference; lastKnownFileType = sourcecode.swift; path = AppDelegate.swift; sourceTree = "<group>"; };
		D505C30827E9C00200D20EED /* SceneDelegate.swift */ = {isa = PBXFileReference; lastKnownFileType = sourcecode.swift; path = SceneDelegate.swift; sourceTree = "<group>"; };
		D505C30A27E9C00200D20EED /* ViewController.swift */ = {isa = PBXFileReference; lastKnownFileType = sourcecode.swift; path = ViewController.swift; sourceTree = "<group>"; };
		D505C30D27E9C00200D20EED /* Base */ = {isa = PBXFileReference; lastKnownFileType = file.storyboard; name = Base; path = Base.lproj/Main.storyboard; sourceTree = "<group>"; };
		D505C30F27E9C00400D20EED /* Assets.xcassets */ = {isa = PBXFileReference; lastKnownFileType = folder.assetcatalog; path = Assets.xcassets; sourceTree = "<group>"; };
		D505C31227E9C00400D20EED /* Base */ = {isa = PBXFileReference; lastKnownFileType = file.storyboard; name = Base; path = Base.lproj/LaunchScreen.storyboard; sourceTree = "<group>"; };
		D505C31427E9C00400D20EED /* Info.plist */ = {isa = PBXFileReference; lastKnownFileType = text.plist.xml; path = Info.plist; sourceTree = "<group>"; };
		D505C31927E9C00400D20EED /* app5_getURL_storyboardTests.xctest */ = {isa = PBXFileReference; explicitFileType = wrapper.cfbundle; includeInIndex = 0; path = app5_getURL_storyboardTests.xctest; sourceTree = BUILT_PRODUCTS_DIR; };
		D505C31D27E9C00500D20EED /* app5_getURL_storyboardTests.swift */ = {isa = PBXFileReference; lastKnownFileType = sourcecode.swift; path = app5_getURL_storyboardTests.swift; sourceTree = "<group>"; };
		D505C32327E9C00500D20EED /* app5_getURL_storyboardUITests.xctest */ = {isa = PBXFileReference; explicitFileType = wrapper.cfbundle; includeInIndex = 0; path = app5_getURL_storyboardUITests.xctest; sourceTree = BUILT_PRODUCTS_DIR; };
		D505C32727E9C00500D20EED /* app5_getURL_storyboardUITests.swift */ = {isa = PBXFileReference; lastKnownFileType = sourcecode.swift; path = app5_getURL_storyboardUITests.swift; sourceTree = "<group>"; };
		D505C32927E9C00500D20EED /* app5_getURL_storyboardUITestsLaunchTests.swift */ = {isa = PBXFileReference; lastKnownFileType = sourcecode.swift; path = app5_getURL_storyboardUITestsLaunchTests.swift; sourceTree = "<group>"; };
/* End PBXFileReference section */

/* Begin PBXFrameworksBuildPhase section */
		D505C30027E9C00200D20EED /* Frameworks */ = {
			isa = PBXFrameworksBuildPhase;
			buildActionMask = 2147483647;
			files = (
			);
			runOnlyForDeploymentPostprocessing = 0;
		};
		D505C31627E9C00400D20EED /* Frameworks */ = {
			isa = PBXFrameworksBuildPhase;
			buildActionMask = 2147483647;
			files = (
			);
			runOnlyForDeploymentPostprocessing = 0;
		};
		D505C32027E9C00500D20EED /* Frameworks */ = {
			isa = PBXFrameworksBuildPhase;
			buildActionMask = 2147483647;
			files = (
			);
			runOnlyForDeploymentPostprocessing = 0;
		};
/* End PBXFrameworksBuildPhase section */

/* Begin PBXGroup section */
		D505C2FA27E9C00200D20EED = {
			isa = PBXGroup;
			children = (
				D505C30527E9C00200D20EED /* app5_getURL_storyboard */,
				D505C31C27E9C00500D20EED /* app5_getURL_storyboardTests */,
				D505C32627E9C00500D20EED /* app5_getURL_storyboardUITests */,
				D505C30427E9C00200D20EED /* Products */,
			);
			sourceTree = "<group>";
		};
		D505C30427E9C00200D20EED /* Products */ = {
			isa = PBXGroup;
			children = (
				D505C30327E9C00200D20EED /* app5_getURL_storyboard.app */,
				D505C31927E9C00400D20EED /* app5_getURL_storyboardTests.xctest */,
				D505C32327E9C00500D20EED /* app5_getURL_storyboardUITests.xctest */,
			);
			name = Products;
			sourceTree = "<group>";
		};
		D505C30527E9C00200D20EED /* app5_getURL_storyboard */ = {
			isa = PBXGroup;
			children = (
				D505C30627E9C00200D20EED /* AppDelegate.swift */,
				D505C30827E9C00200D20EED /* SceneDelegate.swift */,
				D505C30A27E9C00200D20EED /* ViewController.swift */,
				D505C30C27E9C00200D20EED /* Main.storyboard */,
				D505C30F27E9C00400D20EED /* Assets.xcassets */,
				D505C31127E9C00400D20EED /* LaunchScreen.storyboard */,
				D505C31427E9C00400D20EED /* Info.plist */,
			);
			path = app5_getURL_storyboard;
			sourceTree = "<group>";
		};
		D505C31C27E9C00500D20EED /* app5_getURL_storyboardTests */ = {
			isa = PBXGroup;
			children = (
				D505C31D27E9C00500D20EED /* app5_getURL_storyboardTests.swift */,
			);
			path = app5_getURL_storyboardTests;
			sourceTree = "<group>";
		};
		D505C32627E9C00500D20EED /* app5_getURL_storyboardUITests */ = {
			isa = PBXGroup;
			children = (
				D505C32727E9C00500D20EED /* app5_getURL_storyboardUITests.swift */,
				D505C32927E9C00500D20EED /* app5_getURL_storyboardUITestsLaunchTests.swift */,
			);
			path = app5_getURL_storyboardUITests;
			sourceTree = "<group>";
		};
/* End PBXGroup section */

/* Begin PBXNativeTarget section */
		D505C30227E9C00200D20EED /* app5_getURL_storyboard */ = {
			isa = PBXNativeTarget;
			buildConfigurationList = D505C32D27E9C00500D20EED /* Build configuration list for PBXNativeTarget "app5_getURL_storyboard" */;
			buildPhases = (
				D505C2FF27E9C00200D20EED /* Sources */,
				D505C30027E9C00200D20EED /* Frameworks */,
				D505C30127E9C00200D20EED /* Resources */,
			);
			buildRules = (
			);
			dependencies = (
			);
			name = app5_getURL_storyboard;
			productName = app5_getURL_storyboard;
			productReference = D505C30327E9C00200D20EED /* app5_getURL_storyboard.app */;
			productType = "com.apple.product-type.application";
		};
		D505C31827E9C00400D20EED /* app5_getURL_storyboardTests */ = {
			isa = PBXNativeTarget;
			buildConfigurationList = D505C33027E9C00500D20EED /* Build configuration list for PBXNativeTarget "app5_getURL_storyboardTests" */;
			buildPhases = (
				D505C31527E9C00400D20EED /* Sources */,
				D505C31627E9C00400D20EED /* Frameworks */,
				D505C31727E9C00400D20EED /* Resources */,
			);
			buildRules = (
			);
			dependencies = (
				D505C31B27E9C00400D20EED /* PBXTargetDependency */,
			);
			name = app5_getURL_storyboardTests;
			productName = app5_getURL_storyboardTests;
			productReference = D505C31927E9C00400D20EED /* app5_getURL_storyboardTests.xctest */;
			productType = "com.apple.product-type.bundle.unit-test";
		};
		D505C32227E9C00500D20EED /* app5_getURL_storyboardUITests */ = {
			isa = PBXNativeTarget;
			buildConfigurationList = D505C33327E9C00500D20EED /* Build configuration list for PBXNativeTarget "app5_getURL_storyboardUITests" */;
			buildPhases = (
				D505C31F27E9C00500D20EED /* Sources */,
				D505C32027E9C00500D20EED /* Frameworks */,
				D505C32127E9C00500D20EED /* Resources */,
			);
			buildRules = (
			);
			dependencies = (
				D505C32527E9C00500D20EED /* PBXTargetDependency */,
			);
			name = app5_getURL_storyboardUITests;
			productName = app5_getURL_storyboardUITests;
			productReference = D505C32327E9C00500D20EED /* app5_getURL_storyboardUITests.xctest */;
			productType = "com.apple.product-type.bundle.ui-testing";
		};
/* End PBXNativeTarget section */

/* Begin PBXProject section */
		D505C2FB27E9C00200D20EED /* Project object */ = {
			isa = PBXProject;
			attributes = {
				BuildIndependentTargetsInParallel = 1;
				LastSwiftUpdateCheck = 1320;
				LastUpgradeCheck = 1320;
				TargetAttributes = {
					D505C30227E9C00200D20EED = {
						CreatedOnToolsVersion = 13.2.1;
					};
					D505C31827E9C00400D20EED = {
						CreatedOnToolsVersion = 13.2.1;
						TestTargetID = D505C30227E9C00200D20EED;
					};
					D505C32227E9C00500D20EED = {
						CreatedOnToolsVersion = 13.2.1;
						TestTargetID = D505C30227E9C00200D20EED;
					};
				};
			};
			buildConfigurationList = D505C2FE27E9C00200D20EED /* Build configuration list for PBXProject "app5_getURL_storyboard" */;
			compatibilityVersion = "Xcode 13.0";
			developmentRegion = en;
			hasScannedForEncodings = 0;
			knownRegions = (
				en,
				Base,
			);
			mainGroup = D505C2FA27E9C00200D20EED;
			productRefGroup = D505C30427E9C00200D20EED /* Products */;
			projectDirPath = "";
			projectRoot = "";
			targets = (
				D505C30227E9C00200D20EED /* app5_getURL_storyboard */,
				D505C31827E9C00400D20EED /* app5_getURL_storyboardTests */,
				D505C32227E9C00500D20EED /* app5_getURL_storyboardUITests */,
			);
		};
/* End PBXProject section */

/* Begin PBXResourcesBuildPhase section */
		D505C30127E9C00200D20EED /* Resources */ = {
			isa = PBXResourcesBuildPhase;
			buildActionMask = 2147483647;
			files = (
				D505C31327E9C00400D20EED /* LaunchScreen.storyboard in Resources */,
				D505C31027E9C00400D20EED /* Assets.xcassets in Resources */,
				D505C30E27E9C00200D20EED /* Main.storyboard in Resources */,
			);
			runOnlyForDeploymentPostprocessing = 0;
		};
		D505C31727E9C00400D20EED /* Resources */ = {
			isa = PBXResourcesBuildPhase;
			buildActionMask = 2147483647;
			files = (
			);
			runOnlyForDeploymentPostprocessing = 0;
		};
		D505C32127E9C00500D20EED /* Resources */ = {
			isa = PBXResourcesBuildPhase;
			buildActionMask = 2147483647;
			files = (
			);
			runOnlyForDeploymentPostprocessing = 0;
		};
/* End PBXResourcesBuildPhase section */

/* Begin PBXSourcesBuildPhase section */
		D505C2FF27E9C00200D20EED /* Sources */ = {
			isa = PBXSourcesBuildPhase;
			buildActionMask = 2147483647;
			files = (
				D505C30B27E9C00200D20EED /* ViewController.swift in Sources */,
				D505C30727E9C00200D20EED /* AppDelegate.swift in Sources */,
				D505C30927E9C00200D20EED /* SceneDelegate.swift in Sources */,
			);
			runOnlyForDeploymentPostprocessing = 0;
		};
		D505C31527E9C00400D20EED /* Sources */ = {
			isa = PBXSourcesBuildPhase;
			buildActionMask = 2147483647;
			files = (
				D505C31E27E9C00500D20EED /* app5_getURL_storyboardTests.swift in Sources */,
			);
			runOnlyForDeploymentPostprocessing = 0;
		};
		D505C31F27E9C00500D20EED /* Sources */ = {
			isa = PBXSourcesBuildPhase;
			buildActionMask = 2147483647;
			files = (
				D505C32A27E9C00500D20EED /* app5_getURL_storyboardUITestsLaunchTests.swift in Sources */,
				D505C32827E9C00500D20EED /* app5_getURL_storyboardUITests.swift in Sources */,
			);
			runOnlyForDeploymentPostprocessing = 0;
		};
/* End PBXSourcesBuildPhase section */

/* Begin PBXTargetDependency section */
		D505C31B27E9C00400D20EED /* PBXTargetDependency */ = {
			isa = PBXTargetDependency;
			target = D505C30227E9C00200D20EED /* app5_getURL_storyboard */;
			targetProxy = D505C31A27E9C00400D20EED /* PBXContainerItemProxy */;
		};
		D505C32527E9C00500D20EED /* PBXTargetDependency */ = {
			isa = PBXTargetDependency;
			target = D505C30227E9C00200D20EED /* app5_getURL_storyboard */;
			targetProxy = D505C32427E9C00500D20EED /* PBXContainerItemProxy */;
		};
/* End PBXTargetDependency section */

/* Begin PBXVariantGroup section */
		D505C30C27E9C00200D20EED /* Main.storyboard */ = {
			isa = PBXVariantGroup;
			children = (
				D505C30D27E9C00200D20EED /* Base */,
			);
			name = Main.storyboard;
			sourceTree = "<group>";
		};
		D505C31127E9C00400D20EED /* LaunchScreen.storyboard */ = {
			isa = PBXVariantGroup;
			children = (
				D505C31227E9C00400D20EED /* Base */,
			);
			name = LaunchScreen.storyboard;
			sourceTree = "<group>";
		};
/* End PBXVariantGroup section */

/* Begin XCBuildConfiguration section */
		D505C32B27E9C00500D20EED /* Debug */ = {
			isa = XCBuildConfiguration;
			buildSettings = {
				ALWAYS_SEARCH_USER_PATHS = NO;
				CLANG_ANALYZER_NONNULL = YES;
				CLANG_ANALYZER_NUMBER_OBJECT_CONVERSION = YES_AGGRESSIVE;
				CLANG_CXX_LANGUAGE_STANDARD = "gnu++17";
				CLANG_CXX_LIBRARY = "libc++";
				CLANG_ENABLE_MODULES = YES;
				CLANG_ENABLE_OBJC_ARC = YES;
				CLANG_ENABLE_OBJC_WEAK = YES;
				CLANG_WARN_BLOCK_CAPTURE_AUTORELEASING = YES;
				CLANG_WARN_BOOL_CONVERSION = YES;
				CLANG_WARN_COMMA = YES;
				CLANG_WARN_CONSTANT_CONVERSION = YES;
				CLANG_WARN_DEPRECATED_OBJC_IMPLEMENTATIONS = YES;
				CLANG_WARN_DIRECT_OBJC_ISA_USAGE = YES_ERROR;
				CLANG_WARN_DOCUMENTATION_COMMENTS = YES;
				CLANG_WARN_EMPTY_BODY = YES;
				CLANG_WARN_ENUM_CONVERSION = YES;
				CLANG_WARN_INFINITE_RECURSION = YES;
				CLANG_WARN_INT_CONVERSION = YES;
				CLANG_WARN_NON_LITERAL_NULL_CONVERSION = YES;
				CLANG_WARN_OBJC_IMPLICIT_RETAIN_SELF = YES;
				CLANG_WARN_OBJC_LITERAL_CONVERSION = YES;
				CLANG_WARN_OBJC_ROOT_CLASS = YES_ERROR;
				CLANG_WARN_QUOTED_INCLUDE_IN_FRAMEWORK_HEADER = YES;
				CLANG_WARN_RANGE_LOOP_ANALYSIS = YES;
				CLANG_WARN_STRICT_PROTOTYPES = YES;
				CLANG_WARN_SUSPICIOUS_MOVE = YES;
				CLANG_WARN_UNGUARDED_AVAILABILITY = YES_AGGRESSIVE;
				CLANG_WARN_UNREACHABLE_CODE = YES;
				CLANG_WARN__DUPLICATE_METHOD_MATCH = YES;
				COPY_PHASE_STRIP = NO;
				DEBUG_INFORMATION_FORMAT = dwarf;
				ENABLE_STRICT_OBJC_MSGSEND = YES;
				ENABLE_TESTABILITY = YES;
				GCC_C_LANGUAGE_STANDARD = gnu11;
				GCC_DYNAMIC_NO_PIC = NO;
				GCC_NO_COMMON_BLOCKS = YES;
				GCC_OPTIMIZATION_LEVEL = 0;
				GCC_PREPROCESSOR_DEFINITIONS = (
					"DEBUG=1",
					"$(inherited)",
				);
				GCC_WARN_64_TO_32_BIT_CONVERSION = YES;
				GCC_WARN_ABOUT_RETURN_TYPE = YES_ERROR;
				GCC_WARN_UNDECLARED_SELECTOR = YES;
				GCC_WARN_UNINITIALIZED_AUTOS = YES_AGGRESSIVE;
				GCC_WARN_UNUSED_FUNCTION = YES;
				GCC_WARN_UNUSED_VARIABLE = YES;
				IPHONEOS_DEPLOYMENT_TARGET = 15.2;
				MTL_ENABLE_DEBUG_INFO = INCLUDE_SOURCE;
				MTL_FAST_MATH = YES;
				ONLY_ACTIVE_ARCH = YES;
				SDKROOT = iphoneos;
				SWIFT_ACTIVE_COMPILATION_CONDITIONS = DEBUG;
				SWIFT_OPTIMIZATION_LEVEL = "-Onone";
			};
			name = Debug;
		};
		D505C32C27E9C00500D20EED /* Release */ = {
			isa = XCBuildConfiguration;
			buildSettings = {
				ALWAYS_SEARCH_USER_PATHS = NO;
				CLANG_ANALYZER_NONNULL = YES;
				CLANG_ANALYZER_NUMBER_OBJECT_CONVERSION = YES_AGGRESSIVE;
				CLANG_CXX_LANGUAGE_STANDARD = "gnu++17";
				CLANG_CXX_LIBRARY = "libc++";
				CLANG_ENABLE_MODULES = YES;
				CLANG_ENABLE_OBJC_ARC = YES;
				CLANG_ENABLE_OBJC_WEAK = YES;
				CLANG_WARN_BLOCK_CAPTURE_AUTORELEASING = YES;
				CLANG_WARN_BOOL_CONVERSION = YES;
				CLANG_WARN_COMMA = YES;
				CLANG_WARN_CONSTANT_CONVERSION = YES;
				CLANG_WARN_DEPRECATED_OBJC_IMPLEMENTATIONS = YES;
				CLANG_WARN_DIRECT_OBJC_ISA_USAGE = YES_ERROR;
				CLANG_WARN_DOCUMENTATION_COMMENTS = YES;
				CLANG_WARN_EMPTY_BODY = YES;
				CLANG_WARN_ENUM_CONVERSION = YES;
				CLANG_WARN_INFINITE_RECURSION = YES;
				CLANG_WARN_INT_CONVERSION = YES;
				CLANG_WARN_NON_LITERAL_NULL_CONVERSION = YES;
				CLANG_WARN_OBJC_IMPLICIT_RETAIN_SELF = YES;
				CLANG_WARN_OBJC_LITERAL_CONVERSION = YES;
				CLANG_WARN_OBJC_ROOT_CLASS = YES_ERROR;
				CLANG_WARN_QUOTED_INCLUDE_IN_FRAMEWORK_HEADER = YES;
				CLANG_WARN_RANGE_LOOP_ANALYSIS = YES;
				CLANG_WARN_STRICT_PROTOTYPES = YES;
				CLANG_WARN_SUSPICIOUS_MOVE = YES;
				CLANG_WARN_UNGUARDED_AVAILABILITY = YES_AGGRESSIVE;
				CLANG_WARN_UNREACHABLE_CODE = YES;
				CLANG_WARN__DUPLICATE_METHOD_MATCH = YES;
				COPY_PHASE_STRIP = NO;
				DEBUG_INFORMATION_FORMAT = "dwarf-with-dsym";
				ENABLE_NS_ASSERTIONS = NO;
				ENABLE_STRICT_OBJC_MSGSEND = YES;
				GCC_C_LANGUAGE_STANDARD = gnu11;
				GCC_NO_COMMON_BLOCKS = YES;
				GCC_WARN_64_TO_32_BIT_CONVERSION = YES;
				GCC_WARN_ABOUT_RETURN_TYPE = YES_ERROR;
				GCC_WARN_UNDECLARED_SELECTOR = YES;
				GCC_WARN_UNINITIALIZED_AUTOS = YES_AGGRESSIVE;
				GCC_WARN_UNUSED_FUNCTION = YES;
				GCC_WARN_UNUSED_VARIABLE = YES;
				IPHONEOS_DEPLOYMENT_TARGET = 15.2;
				MTL_ENABLE_DEBUG_INFO = NO;
				MTL_FAST_MATH = YES;
				SDKROOT = iphoneos;
				SWIFT_COMPILATION_MODE = wholemodule;
				SWIFT_OPTIMIZATION_LEVEL = "-O";
				VALIDATE_PRODUCT = YES;
			};
			name = Release;
		};
		D505C32E27E9C00500D20EED /* Debug */ = {
			isa = XCBuildConfiguration;
			buildSettings = {
				ASSETCATALOG_COMPILER_APPICON_NAME = AppIcon;
				ASSETCATALOG_COMPILER_GLOBAL_ACCENT_COLOR_NAME = AccentColor;
				CODE_SIGN_STYLE = Automatic;
				CURRENT_PROJECT_VERSION = 1;
				GENERATE_INFOPLIST_FILE = YES;
				INFOPLIST_FILE = app5_getURL_storyboard/Info.plist;
				INFOPLIST_KEY_UIApplicationSupportsIndirectInputEvents = YES;
				INFOPLIST_KEY_UILaunchStoryboardName = LaunchScreen;
				INFOPLIST_KEY_UIMainStoryboardFile = Main;
				INFOPLIST_KEY_UISupportedInterfaceOrientations_iPad = "UIInterfaceOrientationPortrait UIInterfaceOrientationPortraitUpsideDown UIInterfaceOrientationLandscapeLeft UIInterfaceOrientationLandscapeRight";
				INFOPLIST_KEY_UISupportedInterfaceOrientations_iPhone = "UIInterfaceOrientationPortrait UIInterfaceOrientationLandscapeLeft UIInterfaceOrientationLandscapeRight";
				LD_RUNPATH_SEARCH_PATHS = (
					"$(inherited)",
					"@executable_path/Frameworks",
				);
				MARKETING_VERSION = 1.0;
				PRODUCT_BUNDLE_IDENTIFIER = "melbarrak.app5-getURL-storyboard";
				PRODUCT_NAME = "$(TARGET_NAME)";
				SWIFT_EMIT_LOC_STRINGS = YES;
				SWIFT_VERSION = 5.0;
				TARGETED_DEVICE_FAMILY = "1,2";
			};
			name = Debug;
		};
		D505C32F27E9C00500D20EED /* Release */ = {
			isa = XCBuildConfiguration;
			buildSettings = {
				ASSETCATALOG_COMPILER_APPICON_NAME = AppIcon;
				ASSETCATALOG_COMPILER_GLOBAL_ACCENT_COLOR_NAME = AccentColor;
				CODE_SIGN_STYLE = Automatic;
				CURRENT_PROJECT_VERSION = 1;
				GENERATE_INFOPLIST_FILE = YES;
				INFOPLIST_FILE = app5_getURL_storyboard/Info.plist;
				INFOPLIST_KEY_UIApplicationSupportsIndirectInputEvents = YES;
				INFOPLIST_KEY_UILaunchStoryboardName = LaunchScreen;
				INFOPLIST_KEY_UIMainStoryboardFile = Main;
				INFOPLIST_KEY_UISupportedInterfaceOrientations_iPad = "UIInterfaceOrientationPortrait UIInterfaceOrientationPortraitUpsideDown UIInterfaceOrientationLandscapeLeft UIInterfaceOrientationLandscapeRight";
				INFOPLIST_KEY_UISupportedInterfaceOrientations_iPhone = "UIInterfaceOrientationPortrait UIInterfaceOrientationLandscapeLeft UIInterfaceOrientationLandscapeRight";
				LD_RUNPATH_SEARCH_PATHS = (
					"$(inherited)",
					"@executable_path/Frameworks",
				);
				MARKETING_VERSION = 1.0;
				PRODUCT_BUNDLE_IDENTIFIER = "melbarrak.app5-getURL-storyboard";
				PRODUCT_NAME = "$(TARGET_NAME)";
				SWIFT_EMIT_LOC_STRINGS = YES;
				SWIFT_VERSION = 5.0;
				TARGETED_DEVICE_FAMILY = "1,2";
			};
			name = Release;
		};
		D505C33127E9C00500D20EED /* Debug */ = {
			isa = XCBuildConfiguration;
			buildSettings = {
				ALWAYS_EMBED_SWIFT_STANDARD_LIBRARIES = YES;
				BUNDLE_LOADER = "$(TEST_HOST)";
				CODE_SIGN_STYLE = Automatic;
				CURRENT_PROJECT_VERSION = 1;
				GENERATE_INFOPLIST_FILE = YES;
				IPHONEOS_DEPLOYMENT_TARGET = 15.2;
				MARKETING_VERSION = 1.0;
				PRODUCT_BUNDLE_IDENTIFIER = "melbarrak.app5-getURL-storyboardTests";
				PRODUCT_NAME = "$(TARGET_NAME)";
				SWIFT_EMIT_LOC_STRINGS = NO;
				SWIFT_VERSION = 5.0;
				TARGETED_DEVICE_FAMILY = "1,2";
				TEST_HOST = "$(BUILT_PRODUCTS_DIR)/app5_getURL_storyboard.app/app5_getURL_storyboard";
			};
			name = Debug;
		};
		D505C33227E9C00500D20EED /* Release */ = {
			isa = XCBuildConfiguration;
			buildSettings = {
				ALWAYS_EMBED_SWIFT_STANDARD_LIBRARIES = YES;
				BUNDLE_LOADER = "$(TEST_HOST)";
				CODE_SIGN_STYLE = Automatic;
				CURRENT_PROJECT_VERSION = 1;
				GENERATE_INFOPLIST_FILE = YES;
				IPHONEOS_DEPLOYMENT_TARGET = 15.2;
				MARKETING_VERSION = 1.0;
				PRODUCT_BUNDLE_IDENTIFIER = "melbarrak.app5-getURL-storyboardTests";
				PRODUCT_NAME = "$(TARGET_NAME)";
				SWIFT_EMIT_LOC_STRINGS = NO;
				SWIFT_VERSION = 5.0;
				TARGETED_DEVICE_FAMILY = "1,2";
				TEST_HOST = "$(BUILT_PRODUCTS_DIR)/app5_getURL_storyboard.app/app5_getURL_storyboard";
			};
			name = Release;
		};
		D505C33427E9C00500D20EED /* Debug */ = {
			isa = XCBuildConfiguration;
			buildSettings = {
				ALWAYS_EMBED_SWIFT_STANDARD_LIBRARIES = YES;
				CODE_SIGN_STYLE = Automatic;
				CURRENT_PROJECT_VERSION = 1;
				GENERATE_INFOPLIST_FILE = YES;
				MARKETING_VERSION = 1.0;
				PRODUCT_BUNDLE_IDENTIFIER = "melbarrak.app5-getURL-storyboardUITests";
				PRODUCT_NAME = "$(TARGET_NAME)";
				SWIFT_EMIT_LOC_STRINGS = NO;
				SWIFT_VERSION = 5.0;
				TARGETED_DEVICE_FAMILY = "1,2";
				TEST_TARGET_NAME = app5_getURL_storyboard;
			};
			name = Debug;
		};
		D505C33527E9C00500D20EED /* Release */ = {
			isa = XCBuildConfiguration;
			buildSettings = {
				ALWAYS_EMBED_SWIFT_STANDARD_LIBRARIES = YES;
				CODE_SIGN_STYLE = Automatic;
				CURRENT_PROJECT_VERSION = 1;
				GENERATE_INFOPLIST_FILE = YES;
				MARKETING_VERSION = 1.0;
				PRODUCT_BUNDLE_IDENTIFIER = "melbarrak.app5-getURL-storyboardUITests";
				PRODUCT_NAME = "$(TARGET_NAME)";
				SWIFT_EMIT_LOC_STRINGS = NO;
				SWIFT_VERSION = 5.0;
				TARGETED_DEVICE_FAMILY = "1,2";
				TEST_TARGET_NAME = app5_getURL_storyboard;
			};
			name = Release;
		};
/* End XCBuildConfiguration section */

/* Begin XCConfigurationList section */
		D505C2FE27E9C00200D20EED /* Build configuration list for PBXProject "app5_getURL_storyboard" */ = {
			isa = XCConfigurationList;
			buildConfigurations = (
				D505C32B27E9C00500D20EED /* Debug */,
				D505C32C27E9C00500D20EED /* Release */,
			);
			defaultConfigurationIsVisible = 0;
			defaultConfigurationName = Release;
		};
		D505C32D27E9C00500D20EED /* Build configuration list for PBXNativeTarget "app5_getURL_storyboard" */ = {
			isa = XCConfigurationList;
			buildConfigurations = (
				D505C32E27E9C00500D20EED /* Debug */,
				D505C32F27E9C00500D20EED /* Release */,
			);
			defaultConfigurationIsVisible = 0;
			defaultConfigurationName = Release;
		};
		D505C33027E9C00500D20EED /* Build configuration list for PBXNativeTarget "app5_getURL_storyboardTests" */ = {
			isa = XCConfigurationList;
			buildConfigurations = (
				D505C33127E9C00500D20EED /* Debug */,
				D505C33227E9C00500D20EED /* Release */,
			);
			defaultConfigurationIsVisible = 0;
			defaultConfigurationName = Release;
		};
		D505C33327E9C00500D20EED /* Build configuration list for PBXNativeTarget "app5_getURL_storyboardUITests" */ = {
			isa = XCConfigurationList;
			buildConfigurations = (
				D505C33427E9C00500D20EED /* Debug */,
				D505C33527E9C00500D20EED /* Release */,
			);
			defaultConfigurationIsVisible = 0;
			defaultConfigurationName = Release;
		};
/* End XCConfigurationList section */
	};
	rootObject = D505C2FB27E9C00200D20EED /* Project object */;
}
